
Microsoft Visual Studio Solution File, Format Version 12.00
# Visual Studio 14
VisualStudioVersion = 14.0.25420.1
MinimumVisualStudioVersion = 10.0.40219.1
Project("{FAE04EC0-301F-11D3-BF4B-00C04F79EFBC}") = "ClientApp", "DesktopClient\WpfAccountClientApp\WpfAccountClientApp\ClientApp.csproj", "{D390748E-009F-4BA6-A3BA-427E807130C1}"
EndProject
Project("{FAE04EC0-301F-11D3-BF4B-00C04F79EFBC}") = "ServerServiceInterface", "ServerLibrary4Client\ServerServiceInterface\ServerServiceInterface.csproj", "{78016239-497C-4FCC-B453-891D72000313}"
EndProject
Project("{FAE04EC0-301F-11D3-BF4B-00C04F79EFBC}") = "ServerApp", "DesktopServer\WpfAccountServerApp\ServerApp.csproj", "{D294CA3E-2B55-460D-A2B0-09C6103D66E9}"
EndProject
Global
	GlobalSection(SolutionConfigurationPlatforms) = preSolution
		Debug|Any CPU = Debug|Any CPU
		Release|Any CPU = Release|Any CPU
	EndGlobalSection
	GlobalSection(ProjectConfigurationPlatforms) = postSolution
		{D390748E-009F-4BA6-A3BA-427E807130C1}.Debug|Any CPU.ActiveCfg = Debug|Any CPU
		{D390748E-009F-4BA6-A3BA-427E807130C1}.Debug|Any CPU.Build.0 = Debug|Any CPU
		{D390748E-009F-4BA6-A3BA-427E807130C1}.Release|Any CPU.ActiveCfg = Release|Any CPU
		{D390748E-009F-4BA6-A3BA-427E807130C1}.Release|Any CPU.Build.0 = Release|Any CPU
		{78016239-497C-4FCC-B453-891D72000313}.Debug|Any CPU.ActiveCfg = Debug|Any CPU
		{78016239-497C-4FCC-B453-891D72000313}.Debug|Any CPU.Build.0 = Debug|Any CPU
		{78016239-497C-4FCC-B453-891D72000313}.Release|Any CPU.ActiveCfg = Release|Any CPU
		{78016239-497C-4FCC-B453-891D72000313}.Release|Any CPU.Build.0 = Release|Any CPU
		{D294CA3E-2B55-460D-A2B0-09C6103D66E9}.Debug|Any CPU.ActiveCfg = Debug|Any CPU
		{D294CA3E-2B55-460D-A2B0-09C6103D66E9}.Debug|Any CPU.Build.0 = Debug|Any CPU
		{D294CA3E-2B55-460D-A2B0-09C6103D66E9}.Release|Any CPU.ActiveCfg = Release|Any CPU
		{D294CA3E-2B55-460D-A2B0-09C6103D66E9}.Release|Any CPU.Build.0 = Release|Any CPU
	EndGlobalSection
	GlobalSection(SolutionProperties) = preSolution
		HideSolutionNode = FALSE
	EndGlobalSection
EndGlobal
